# This file is autogenerated, do not edit; changes may be undone by the next 'dep ensure'.


[[projects]]
  digest = "1:fc7ac93c8a978bd4ccbe0c85fdca0e7723d72be1f76feb2b162b970ae6276aa2"
  name = "bitbucket.org/atlassian/logevent"
  packages = [
    ".",
    "http",
  ]
  pruneopts = "UT"
  revision = "675fa127247ec5f96142b7c71d5bd7d04b730a4f"
  version = "1.0.2"

[[projects]]
  digest = "1:f5f53e15dfd7a1609de60298c1809576472adb76ce65f7a0849fafd244b2f232"
  name = "bitbucket.org/atlassian/transport"
  packages = ["."]
  pruneopts = "UT"
  revision = "4d788ab0e2375a78205f463a54f446a6be4a934c"
  version = "1.1.0"

[[projects]]
  digest = "1:0059c1af5eabe08a158eb36db236213d555ab8844548592c853259135323a194"
  name = "github.com/aws/aws-sdk-go"
  packages = [
    "aws",
    "aws/awserr",
    "aws/awsutil",
    "aws/client",
    "aws/client/metadata",
    "aws/corehandlers",
    "aws/credentials",
    "aws/credentials/ec2rolecreds",
    "aws/credentials/endpointcreds",
    "aws/credentials/processcreds",
    "aws/credentials/stscreds",
    "aws/csm",
    "aws/defaults",
    "aws/ec2metadata",
    "aws/endpoints",
    "aws/request",
    "aws/session",
    "aws/signer/v4",
    "internal/ini",
    "internal/s3err",
    "internal/sdkio",
    "internal/sdkrand",
    "internal/sdkuri",
    "internal/shareddefaults",
    "private/protocol",
    "private/protocol/eventstream",
    "private/protocol/eventstream/eventstreamapi",
    "private/protocol/query",
    "private/protocol/query/queryutil",
    "private/protocol/rest",
    "private/protocol/restxml",
    "private/protocol/xml/xmlutil",
    "service/s3",
    "service/s3/s3iface",
    "service/s3/s3manager",
    "service/s3/s3manager/s3manageriface",
    "service/sts",
  ]
  pruneopts = "UT"
  revision = "6d55516ad2946220d9e26804f224c1c215f293ea"
  version = "v1.16.17"

[[projects]]
  digest = "1:ffe9824d294da03b391f44e1ae8281281b4afc1bdaa9588c9097785e3af10cec"
  name = "github.com/davecgh/go-spew"
  packages = ["spew"]
  pruneopts = "UT"
  revision = "8991bc29aa16c548c550c7ff78260e27b9ab7c73"
  version = "v1.1.1"

[[projects]]
  digest = "1:af43bdaaf86655a2343f113e9b293bbc16b12099eaeb223982bbe4d4c22ba14d"
  name = "github.com/fatih/structs"
  packages = ["."]
  pruneopts = "UT"
  revision = "4966fc68f5b7593aafa6cbbba2d65ec6e1416047"
  version = "v1.1.0"

[[projects]]
  digest = "1:b8d8afedc1ea9028d6b8a037a61acaf5bac8ffb1ceb4b285a0af6654bfc62f16"
  name = "github.com/go-chi/chi"
  packages = ["."]
  pruneopts = "UT"
  revision = "e95203758b2a6ec24a8e97124d5719ffe5ec1374"
  version = "v4.0.0"

[[projects]]
  digest = "1:b60efdeb75d3c0ceed88783ac2495256aba3491a537d0f31401202579fd62a94"
  name = "github.com/golang/mock"
  packages = ["gomock"]
  pruneopts = "UT"
  revision = "51421b967af1f557f93a59e0057aaf15ca02e29c"
  version = "v1.2.0"

[[projects]]
  digest = "1:236d7e1bdb50d8f68559af37dbcf9d142d56b431c9b2176d41e2a009b664cda8"
  name = "github.com/google/uuid"
  packages = ["."]
  pruneopts = "UT"
  revision = "9b3b1e0f5f99ae461456d768e7d301a7acdaa2d8"
  version = "v1.1.0"

[[projects]]
  digest = "1:bb81097a5b62634f3e9fec1014657855610c82d19b9a40c17612e32651e35dca"
  name = "github.com/jmespath/go-jmespath"
  packages = ["."]
  pruneopts = "UT"
  revision = "c2b33e84"

[[projects]]
  digest = "1:0028cb19b2e4c3112225cd871870f2d9cf49b9b4276531f03438a88e94be86fe"
  name = "github.com/pmezard/go-difflib"
  packages = ["difflib"]
  pruneopts = "UT"
  revision = "792786c7400a136282c1664665ae0a8db921c6c2"
  version = "v1.0.0"

[[projects]]
  digest = "1:9665a593c0199c193341b8b110e31b19c899923711fc70bde2c2f3eb2d337526"
  name = "github.com/rs/xhandler"
  packages = ["."]
  pruneopts = "UT"
  revision = "d9d9599b6aaf6a058cb7b1f48291ded2cbd13390"
  version = "v1.0"

[[projects]]
  branch = "master"
  digest = "1:b312ce0585169062a8b55dd8ad9bacd54cc98b056670b8638da86b5535ebcd41"
  name = "github.com/rs/xstats"
  packages = [
    ".",
    "dogstatsd",
  ]
  pruneopts = "UT"
  revision = "c67367528e160e557423e4d87059614d8c31a582"

[[projects]]
  digest = "1:6112a5eaec2ec65df289ccbb7a730aaf03e3c5cce6c906d367ccf9b7ac567604"
  name = "github.com/rs/zerolog"
  packages = [
    ".",
    "internal/cbor",
    "internal/json",
  ]
  pruneopts = "UT"
  revision = "8747b7b3a51b5d08ee7ac50eaf4869edaf9f714a"
  version = "v1.11.0"

[[projects]]
  digest = "1:972c2427413d41a1e06ca4897e8528e5a1622894050e2f527b38ddf0f343f759"
  name = "github.com/stretchr/testify"
  packages = ["assert"]
  pruneopts = "UT"
  revision = "ffdc059bfe9ce6a4e144ba849dbedead332c6053"
  version = "v1.3.0"

[[projects]]
  branch = "master"
  digest = "1:76ee51c3f468493aff39dbacc401e8831fbb765104cbf613b89bef01cf4bad70"
  name = "golang.org/x/net"
  packages = ["context"]
  pruneopts = "UT"
  revision = "915654e7eabcea33ae277abbecf52f0d8b7a9fdc"

[[projects]]
  digest = "1:d80b316bc51a12717f6760bcaa6c41461e8abb5393a0f77bbc938e65bdc769c0"
  name = "gonum.org/v1/gonum"
  packages = [
    "graph/formats/dot",
    "graph/formats/dot/ast",
    "graph/formats/dot/internal/astx",
    "graph/formats/dot/internal/errors",
    "graph/formats/dot/internal/lexer",
    "graph/formats/dot/internal/parser",
    "graph/formats/dot/internal/token",
  ]
  pruneopts = "UT"
  revision = "572d9101fe4fdede494f26999a59d09229b7c11b"

[solve-meta]
  analyzer-name = "dep"
  analyzer-version = 1
  input-imports = [
    "bitbucket.org/atlassian/logevent",
    "bitbucket.org/atlassian/logevent/http",
    "bitbucket.org/atlassian/transport",
    "github.com/aws/aws-sdk-go/aws",
    "github.com/aws/aws-sdk-go/aws/awserr",
    "github.com/aws/aws-sdk-go/aws/credentials",
    "github.com/aws/aws-sdk-go/aws/request",
    "github.com/aws/aws-sdk-go/aws/session",
    "github.com/aws/aws-sdk-go/service/s3",
    "github.com/aws/aws-sdk-go/service/s3/s3iface",
    "github.com/aws/aws-sdk-go/service/s3/s3manager",
    "github.com/aws/aws-sdk-go/service/s3/s3manager/s3manageriface",
    "github.com/go-chi/chi",
    "github.com/golang/mock/gomock",
    "github.com/google/uuid",
    "github.com/rs/xstats",
    "github.com/rs/xstats/dogstatsd",
    "github.com/stretchr/testify/assert",
    "gonum.org/v1/gonum/graph/formats/dot",
    "gonum.org/v1/gonum/graph/formats/dot/ast",
  ]
  solver-name = "gps-cdcl"
  solver-version = 1
