# This file is autogenerated, do not edit; changes may be undone by the next 'dep ensure'.


[[projects]]
  digest = "1:c47f4964978e211c6e566596ec6246c329912ea92e9bb99c00798bb4564c5b09"
  name = "github.com/armon/go-radix"
  packages = ["."]
  pruneopts = "UT"
  revision = "1a2de0c21c94309923825da3df33a4381872c795"
  version = "v1.0.0"

[[projects]]
  digest = "1:ffadaa3e19072a02b4727002937b7a677973f2eed0a89b4a8c750576339bbaa5"
  name = "github.com/asecurityteam/logevent"
  packages = [
    ".",
    "http",
  ]
  pruneopts = "UT"
  revision = "b32737d8d51c86c030b126ef9028cb2bab259aa1"
  version = "1.0.4"

[[projects]]
  branch = "master"
  digest = "1:fe321de7854c65af149fe7c66a7ed3ad82046902536e1aa41ec509f5fb942426"
  name = "github.com/asecurityteam/runhttp"
  packages = ["."]
  pruneopts = "UT"
  revision = "60620809c4931ced5fde6400c2462236cf3e9c16"

[[projects]]
  branch = "master"
  digest = "1:391bbf4e67d50d74c1bb7dfad79222181327ff6d9a32324ed022b12051b5d5e8"
  name = "github.com/asecurityteam/settings"
  packages = ["."]
  pruneopts = "UT"
  revision = "d4142d59861b3779aeba32111096d43ae940e49d"

[[projects]]
  digest = "1:067d27a5520b7ab98a652f32b33785de2ffc7028e50c722c993e7ee218046a30"
  name = "github.com/asecurityteam/transport"
  packages = ["."]
  pruneopts = "UT"
  revision = "b848ebf618ee2a8131b88126469b693aa035457f"
  version = "1.1.2"

[[projects]]
  digest = "1:d4a6151a82bdc82013865367324b9cd86fa21fdee2a53a7dc6c00d27c79d3e81"
  name = "github.com/aws/aws-sdk-go"
  packages = [
    "aws",
    "aws/awserr",
    "aws/awsutil",
    "aws/client",
    "aws/client/metadata",
    "aws/corehandlers",
    "aws/credentials",
    "aws/credentials/ec2rolecreds",
    "aws/credentials/endpointcreds",
    "aws/credentials/processcreds",
    "aws/credentials/stscreds",
    "aws/csm",
    "aws/defaults",
    "aws/ec2metadata",
    "aws/endpoints",
    "aws/request",
    "aws/session",
    "aws/signer/v4",
    "internal/ini",
    "internal/s3err",
    "internal/sdkio",
    "internal/sdkrand",
    "internal/sdkuri",
    "internal/shareddefaults",
    "private/protocol",
    "private/protocol/eventstream",
    "private/protocol/eventstream/eventstreamapi",
    "private/protocol/query",
    "private/protocol/query/queryutil",
    "private/protocol/rest",
    "private/protocol/restxml",
    "private/protocol/xml/xmlutil",
    "service/s3",
    "service/s3/s3iface",
    "service/s3/s3manager",
    "service/s3/s3manager/s3manageriface",
    "service/sts",
  ]
  pruneopts = "UT"
  revision = "b4d97e9cf75f3815bd694b8e0d6f9d81492c3586"
  version = "v1.17.5"

[[projects]]
  digest = "1:ffe9824d294da03b391f44e1ae8281281b4afc1bdaa9588c9097785e3af10cec"
  name = "github.com/davecgh/go-spew"
  packages = ["spew"]
  pruneopts = "UT"
  revision = "8991bc29aa16c548c550c7ff78260e27b9ab7c73"
  version = "v1.1.1"

[[projects]]
  digest = "1:af43bdaaf86655a2343f113e9b293bbc16b12099eaeb223982bbe4d4c22ba14d"
  name = "github.com/fatih/structs"
  packages = ["."]
  pruneopts = "UT"
  revision = "4966fc68f5b7593aafa6cbbba2d65ec6e1416047"
  version = "v1.1.0"

[[projects]]
  digest = "1:1c70b4d7285f792bd387c1adac08825715147fa210b3d2826ffd2bf56be9455b"
  name = "github.com/go-chi/chi"
  packages = ["."]
  pruneopts = "UT"
  revision = "da24bba8dcd4021cafac38724bf10dccc97c3e36"
  version = "v4.0.2"

[[projects]]
  digest = "1:4d2e5a73dc1500038e504a8d78b986630e3626dc027bc030ba5c75da257cdb96"
  name = "github.com/go-yaml/yaml"
  packages = ["."]
  pruneopts = "UT"
  revision = "51d6538a90f86fe93ac480b35f37b2be17fef232"
  version = "v2.2.2"

[[projects]]
  digest = "1:b60efdeb75d3c0ceed88783ac2495256aba3491a537d0f31401202579fd62a94"
  name = "github.com/golang/mock"
  packages = ["gomock"]
  pruneopts = "UT"
  revision = "51421b967af1f557f93a59e0057aaf15ca02e29c"
  version = "v1.2.0"

[[projects]]
  digest = "1:236d7e1bdb50d8f68559af37dbcf9d142d56b431c9b2176d41e2a009b664cda8"
  name = "github.com/google/uuid"
  packages = ["."]
  pruneopts = "UT"
  revision = "9b3b1e0f5f99ae461456d768e7d301a7acdaa2d8"
  version = "v1.1.0"

[[projects]]
  digest = "1:bb81097a5b62634f3e9fec1014657855610c82d19b9a40c17612e32651e35dca"
  name = "github.com/jmespath/go-jmespath"
  packages = ["."]
  pruneopts = "UT"
  revision = "c2b33e84"

[[projects]]
  digest = "1:0028cb19b2e4c3112225cd871870f2d9cf49b9b4276531f03438a88e94be86fe"
  name = "github.com/pmezard/go-difflib"
  packages = ["difflib"]
  pruneopts = "UT"
  revision = "792786c7400a136282c1664665ae0a8db921c6c2"
  version = "v1.0.0"

[[projects]]
  digest = "1:9665a593c0199c193341b8b110e31b19c899923711fc70bde2c2f3eb2d337526"
  name = "github.com/rs/xhandler"
  packages = ["."]
  pruneopts = "UT"
  revision = "d9d9599b6aaf6a058cb7b1f48291ded2cbd13390"
  version = "v1.0"

[[projects]]
  branch = "master"
  digest = "1:b312ce0585169062a8b55dd8ad9bacd54cc98b056670b8638da86b5535ebcd41"
  name = "github.com/rs/xstats"
  packages = [
    ".",
    "dogstatsd",
  ]
  pruneopts = "UT"
  revision = "c67367528e160e557423e4d87059614d8c31a582"

[[projects]]
  digest = "1:6112a5eaec2ec65df289ccbb7a730aaf03e3c5cce6c906d367ccf9b7ac567604"
  name = "github.com/rs/zerolog"
  packages = [
    ".",
    "internal/cbor",
    "internal/json",
  ]
  pruneopts = "UT"
  revision = "8747b7b3a51b5d08ee7ac50eaf4869edaf9f714a"
  version = "v1.11.0"

[[projects]]
  digest = "1:08d65904057412fc0270fc4812a1c90c594186819243160dc779a402d4b6d0bc"
  name = "github.com/spf13/cast"
  packages = ["."]
  pruneopts = "UT"
  revision = "8c9545af88b134710ab1cd196795e7f2388358d7"
  version = "v1.3.0"

[[projects]]
  digest = "1:5da8ce674952566deae4dbc23d07c85caafc6cfa815b0b3e03e41979cedb8750"
  name = "github.com/stretchr/testify"
  packages = [
    "assert",
    "require",
  ]
  pruneopts = "UT"
  revision = "ffdc059bfe9ce6a4e144ba849dbedead332c6053"
  version = "v1.3.0"

[[projects]]
  branch = "master"
  digest = "1:76ee51c3f468493aff39dbacc401e8831fbb765104cbf613b89bef01cf4bad70"
  name = "golang.org/x/net"
  packages = ["context"]
  pruneopts = "UT"
  revision = "fe579d43d83210096a79b46dcca0e3721058393a"

[solve-meta]
  analyzer-name = "dep"
  analyzer-version = 1
  input-imports = [
    "github.com/armon/go-radix",
    "github.com/asecurityteam/logevent",
    "github.com/asecurityteam/runhttp",
    "github.com/asecurityteam/settings",
    "github.com/asecurityteam/transport",
    "github.com/aws/aws-sdk-go/aws",
    "github.com/aws/aws-sdk-go/aws/awserr",
    "github.com/aws/aws-sdk-go/aws/credentials",
    "github.com/aws/aws-sdk-go/aws/request",
    "github.com/aws/aws-sdk-go/aws/session",
    "github.com/aws/aws-sdk-go/service/s3",
    "github.com/aws/aws-sdk-go/service/s3/s3iface",
    "github.com/aws/aws-sdk-go/service/s3/s3manager",
    "github.com/aws/aws-sdk-go/service/s3/s3manager/s3manageriface",
    "github.com/go-chi/chi",
    "github.com/golang/mock/gomock",
    "github.com/google/uuid",
    "github.com/stretchr/testify/assert",
    "github.com/stretchr/testify/require",
  ]
  solver-name = "gps-cdcl"
  solver-version = 1
